
Microsoft Visual Studio Solution File, Format Version 11.00
# Visual Studio 2010
Project("{FAE04EC0-301F-11D3-BF4B-00C04F79EFBC}") = "Assembly-CSharp", "Assembly-CSharp.csproj", "{98C109CA-8B72-1BC4-9083-F0B461B61194}"
EndProject
Global
	GlobalSection(SolutionConfigurationPlatforms) = preSolution
		Debug|Any CPU = Debug|Any CPU
		Release|Any CPU = Release|Any CPU
	EndGlobalSection
	GlobalSection(ProjectConfigurationPlatforms) = postSolution
		{98C109CA-8B72-1BC4-9083-F0B461B61194}.Debug|Any CPU.ActiveCfg = Debug|Any CPU
		{98C109CA-8B72-1BC4-9083-F0B461B61194}.Debug|Any CPU.Build.0 = Debug|Any CPU
		{98C109CA-8B72-1BC4-9083-F0B461B61194}.Release|Any CPU.ActiveCfg = Release|Any CPU
		{98C109CA-8B72-1BC4-9083-F0B461B61194}.Release|Any CPU.Build.0 = Release|Any CPU
	EndGlobalSection
	GlobalSection(SolutionProperties) = preSolution
		HideSolutionNode = FALSE
	EndGlobalSection
EndGlobal
